{
  "name": "aibos_frontend2",
  "lockfileVersion": 3,
  "requires": true,
  "packages": {
    "": {
      "dependencies": {
        "lodash": "^4.17.21"
      },
      "devDependencies": {
        "@types/lodash": "^4.17.19"
      }
    },
    "node_modules/@types/lodash": {
      "version": "4.17.19",
      "resolved": "https://registry.npmjs.org/@types/lodash/-/lodash-4.17.19.tgz",
      "integrity": "sha512-NYqRyg/hIQrYPT9lbOeYc3kIRabJDn/k4qQHIXUpx88CBDww2fD15Sg5kbXlW86zm2XEW4g0QxkTI3/Kfkc7xQ==",
      "dev": true,
      "license": "MIT"
    },
    "node_modules/lodash": {
      "version": "4.17.21",
      "resolved": "https://registry.npmjs.org/lodash/-/lodash-4.17.21.tgz",
      "integrity": "sha512-v2kDEe57lecTulaDIuNTPy3Ry4gLGJ6Z1O3vE1krgXZNrsQ+LFTGHVxVjcXPs17LhbZVGedAJv8XZ1tvj5FvSg==",
      "license": "MIT"
    }
  }
}
